Microsoft Visual Studio Solution File, Format Version 12.00
# Visual Studio 2013
VisualStudioVersion = 12.0.31101.0
MinimumVisualStudioVersion = 10.0.40219.1
Project("{FAE04EC0-301F-11D3-BF4B-00C04F79EFBC}") = "HadronApplication", "src\Hadron\Hadron\HadronApplication.csproj", "{1B2AD914-2088-4E16-A782-6FAAA9B750D1}"
EndProject
Project("{FAE04EC0-301F-11D3-BF4B-00C04F79EFBC}") = "HadronApplication.Tests", "src\Hadron\Hadron.Tests\HadronApplication.Tests.csproj", "{8B3A799C-95D9-41CE-B356-011C46A1E98F}"
EndProject
Project("{FAE04EC0-301F-11D3-BF4B-00C04F79EFBC}") = "Atom", "src\Library\Atom.csproj", "{6F2145CF-02FA-4C0F-ABE3-0EFC94B16874}"
EndProject
Project("{FAE04EC0-301F-11D3-BF4B-00C04F79EFBC}") = "Atom.UnitTests", "src\UnitTests\Atom.UnitTests.csproj", "{4F1FA4DA-9C66-4B7E-8B66-BECDBA7E0067}"
EndProject
Global
	GlobalSection(SolutionConfigurationPlatforms) = preSolution
		Debug|Any CPU = Debug|Any CPU
		PF-INT|Any CPU = PF-INT|Any CPU
		PF-PATE|Any CPU = PF-PATE|Any CPU
		PF-PROD|Any CPU = PF-PROD|Any CPU
		PF-QA|Any CPU = PF-QA|Any CPU
		PF-RC|Any CPU = PF-RC|Any CPU
		PF-STG|Any CPU = PF-STG|Any CPU
		Release|Any CPU = Release|Any CPU
	EndGlobalSection
	GlobalSection(ProjectConfigurationPlatforms) = postSolution
		{1B2AD914-2088-4E16-A782-6FAAA9B750D1}.Debug|Any CPU.ActiveCfg = Debug|Any CPU
		{1B2AD914-2088-4E16-A782-6FAAA9B750D1}.Debug|Any CPU.Build.0 = Debug|Any CPU
		{1B2AD914-2088-4E16-A782-6FAAA9B750D1}.PF-INT|Any CPU.ActiveCfg = PF-INT|Any CPU
		{1B2AD914-2088-4E16-A782-6FAAA9B750D1}.PF-INT|Any CPU.Build.0 = PF-INT|Any CPU
		{1B2AD914-2088-4E16-A782-6FAAA9B750D1}.PF-PATE|Any CPU.ActiveCfg = PF-PATE|Any CPU
		{1B2AD914-2088-4E16-A782-6FAAA9B750D1}.PF-PATE|Any CPU.Build.0 = PF-PATE|Any CPU
		{1B2AD914-2088-4E16-A782-6FAAA9B750D1}.PF-PROD|Any CPU.ActiveCfg = PF-PROD|Any CPU
		{1B2AD914-2088-4E16-A782-6FAAA9B750D1}.PF-PROD|Any CPU.Build.0 = PF-PROD|Any CPU
		{1B2AD914-2088-4E16-A782-6FAAA9B750D1}.PF-QA|Any CPU.ActiveCfg = PF-QA|Any CPU
		{1B2AD914-2088-4E16-A782-6FAAA9B750D1}.PF-QA|Any CPU.Build.0 = PF-QA|Any CPU
		{1B2AD914-2088-4E16-A782-6FAAA9B750D1}.PF-RC|Any CPU.ActiveCfg = PF-RC|Any CPU
		{1B2AD914-2088-4E16-A782-6FAAA9B750D1}.PF-RC|Any CPU.Build.0 = PF-RC|Any CPU
		{1B2AD914-2088-4E16-A782-6FAAA9B750D1}.PF-STG|Any CPU.ActiveCfg = PF-STG|Any CPU
		{1B2AD914-2088-4E16-A782-6FAAA9B750D1}.PF-STG|Any CPU.Build.0 = PF-STG|Any CPU
		{1B2AD914-2088-4E16-A782-6FAAA9B750D1}.Release|Any CPU.ActiveCfg = Release|Any CPU
		{1B2AD914-2088-4E16-A782-6FAAA9B750D1}.Release|Any CPU.Build.0 = Release|Any CPU
		{8B3A799C-95D9-41CE-B356-011C46A1E98F}.Debug|Any CPU.ActiveCfg = Debug|Any CPU
		{8B3A799C-95D9-41CE-B356-011C46A1E98F}.Debug|Any CPU.Build.0 = Debug|Any CPU
		{8B3A799C-95D9-41CE-B356-011C46A1E98F}.PF-INT|Any CPU.ActiveCfg = PF-INT|Any CPU
		{8B3A799C-95D9-41CE-B356-011C46A1E98F}.PF-INT|Any CPU.Build.0 = PF-INT|Any CPU
		{8B3A799C-95D9-41CE-B356-011C46A1E98F}.PF-PATE|Any CPU.ActiveCfg = PF-PATE|Any CPU
		{8B3A799C-95D9-41CE-B356-011C46A1E98F}.PF-PATE|Any CPU.Build.0 = PF-PATE|Any CPU
		{8B3A799C-95D9-41CE-B356-011C46A1E98F}.PF-PROD|Any CPU.ActiveCfg = PF-PROD|Any CPU
		{8B3A799C-95D9-41CE-B356-011C46A1E98F}.PF-PROD|Any CPU.Build.0 = PF-PROD|Any CPU
		{8B3A799C-95D9-41CE-B356-011C46A1E98F}.PF-QA|Any CPU.ActiveCfg = PF-QA|Any CPU
		{8B3A799C-95D9-41CE-B356-011C46A1E98F}.PF-QA|Any CPU.Build.0 = PF-QA|Any CPU
		{8B3A799C-95D9-41CE-B356-011C46A1E98F}.PF-RC|Any CPU.ActiveCfg = PF-RC|Any CPU
		{8B3A799C-95D9-41CE-B356-011C46A1E98F}.PF-RC|Any CPU.Build.0 = PF-RC|Any CPU
		{8B3A799C-95D9-41CE-B356-011C46A1E98F}.PF-STG|Any CPU.ActiveCfg = PF-STG|Any CPU
		{8B3A799C-95D9-41CE-B356-011C46A1E98F}.PF-STG|Any CPU.Build.0 = PF-STG|Any CPU
		{8B3A799C-95D9-41CE-B356-011C46A1E98F}.Release|Any CPU.ActiveCfg = Release|Any CPU
		{8B3A799C-95D9-41CE-B356-011C46A1E98F}.Release|Any CPU.Build.0 = Release|Any CPU
		{6F2145CF-02FA-4C0F-ABE3-0EFC94B16874}.Debug|Any CPU.ActiveCfg = Debug|Any CPU
		{6F2145CF-02FA-4C0F-ABE3-0EFC94B16874}.Debug|Any CPU.Build.0 = Debug|Any CPU
		{6F2145CF-02FA-4C0F-ABE3-0EFC94B16874}.PF-INT|Any CPU.ActiveCfg = Release|Any CPU
		{6F2145CF-02FA-4C0F-ABE3-0EFC94B16874}.PF-INT|Any CPU.Build.0 = Release|Any CPU
		{6F2145CF-02FA-4C0F-ABE3-0EFC94B16874}.PF-PATE|Any CPU.ActiveCfg = Release|Any CPU
		{6F2145CF-02FA-4C0F-ABE3-0EFC94B16874}.PF-PATE|Any CPU.Build.0 = Release|Any CPU
		{6F2145CF-02FA-4C0F-ABE3-0EFC94B16874}.PF-PROD|Any CPU.ActiveCfg = Release|Any CPU
		{6F2145CF-02FA-4C0F-ABE3-0EFC94B16874}.PF-PROD|Any CPU.Build.0 = Release|Any CPU
		{6F2145CF-02FA-4C0F-ABE3-0EFC94B16874}.PF-QA|Any CPU.ActiveCfg = Release|Any CPU
		{6F2145CF-02FA-4C0F-ABE3-0EFC94B16874}.PF-QA|Any CPU.Build.0 = Release|Any CPU
		{6F2145CF-02FA-4C0F-ABE3-0EFC94B16874}.PF-RC|Any CPU.ActiveCfg = Release|Any CPU
		{6F2145CF-02FA-4C0F-ABE3-0EFC94B16874}.PF-RC|Any CPU.Build.0 = Release|Any CPU
		{6F2145CF-02FA-4C0F-ABE3-0EFC94B16874}.PF-STG|Any CPU.ActiveCfg = Release|Any CPU
		{6F2145CF-02FA-4C0F-ABE3-0EFC94B16874}.PF-STG|Any CPU.Build.0 = Release|Any CPU
		{6F2145CF-02FA-4C0F-ABE3-0EFC94B16874}.Release|Any CPU.ActiveCfg = Release|Any CPU
		{6F2145CF-02FA-4C0F-ABE3-0EFC94B16874}.Release|Any CPU.Build.0 = Release|Any CPU
		{4F1FA4DA-9C66-4B7E-8B66-BECDBA7E0067}.Debug|Any CPU.ActiveCfg = Debug|Any CPU
		{4F1FA4DA-9C66-4B7E-8B66-BECDBA7E0067}.Debug|Any CPU.Build.0 = Debug|Any CPU
		{4F1FA4DA-9C66-4B7E-8B66-BECDBA7E0067}.PF-INT|Any CPU.ActiveCfg = Release|Any CPU
		{4F1FA4DA-9C66-4B7E-8B66-BECDBA7E0067}.PF-INT|Any CPU.Build.0 = Release|Any CPU
		{4F1FA4DA-9C66-4B7E-8B66-BECDBA7E0067}.PF-PATE|Any CPU.ActiveCfg = Release|Any CPU
		{4F1FA4DA-9C66-4B7E-8B66-BECDBA7E0067}.PF-PATE|Any CPU.Build.0 = Release|Any CPU
		{4F1FA4DA-9C66-4B7E-8B66-BECDBA7E0067}.PF-PROD|Any CPU.ActiveCfg = Release|Any CPU
		{4F1FA4DA-9C66-4B7E-8B66-BECDBA7E0067}.PF-PROD|Any CPU.Build.0 = Release|Any CPU
		{4F1FA4DA-9C66-4B7E-8B66-BECDBA7E0067}.PF-QA|Any CPU.ActiveCfg = Release|Any CPU
		{4F1FA4DA-9C66-4B7E-8B66-BECDBA7E0067}.PF-QA|Any CPU.Build.0 = Release|Any CPU
		{4F1FA4DA-9C66-4B7E-8B66-BECDBA7E0067}.PF-RC|Any CPU.ActiveCfg = Release|Any CPU
		{4F1FA4DA-9C66-4B7E-8B66-BECDBA7E0067}.PF-RC|Any CPU.Build.0 = Release|Any CPU
		{4F1FA4DA-9C66-4B7E-8B66-BECDBA7E0067}.PF-STG|Any CPU.ActiveCfg = Release|Any CPU
		{4F1FA4DA-9C66-4B7E-8B66-BECDBA7E0067}.PF-STG|Any CPU.Build.0 = Release|Any CPU
		{4F1FA4DA-9C66-4B7E-8B66-BECDBA7E0067}.Release|Any CPU.ActiveCfg = Release|Any CPU
		{4F1FA4DA-9C66-4B7E-8B66-BECDBA7E0067}.Release|Any CPU.Build.0 = Release|Any CPU
	EndGlobalSection
	GlobalSection(SolutionProperties) = preSolution
		HideSolutionNode = FALSE
	EndGlobalSection
EndGlobal
